
Microsoft Visual Studio Solution File, Format Version 12.00
# Visual Studio 15
Project("{FAE04EC0-301F-11D3-BF4B-00C04F79EFBC}") = "DT.Samples.Agora.Cross.Android", "DT.Samples.Agora.Cross\DT.Samples.Agora.Cross.Android\DT.Samples.Agora.Cross.Android.csproj", "{24CE3C36-16B9-426D-AA0C-5961ECF8D88C}"
EndProject
Project("{FAE04EC0-301F-11D3-BF4B-00C04F79EFBC}") = "DT.Samples.Agora.Cross", "DT.Samples.Agora.Cross\DT.Samples.Agora.Cross\DT.Samples.Agora.Cross.csproj", "{413B6194-3C34-43D5-B3DD-0397F24B57D6}"
EndProject
Project("{FAE04EC0-301F-11D3-BF4B-00C04F79EFBC}") = "DT.Samples.Agora.Cross.iOS", "DT.Samples.Agora.Cross\DT.Samples.Agora.Cross.iOS\DT.Samples.Agora.Cross.iOS.csproj", "{67F8A435-4266-4706-8DC6-B7BE23106E0D}"
EndProject
Project("{FAE04EC0-301F-11D3-BF4B-00C04F79EFBC}") = "DT.Samples.Agora.Cross.MacOS", "DT.Samples.Agora.Cross\DT.Samples.Agora.Cross.MacOS\DT.Samples.Agora.Cross.MacOS.csproj", "{8AE6A2FA-89D4-4EE0-8DA2-4DDF3C68F8D1}"
EndProject
Global
	GlobalSection(SolutionConfigurationPlatforms) = preSolution
		Debug|Any CPU = Debug|Any CPU
		Release|Any CPU = Release|Any CPU
		Debug|iPhoneSimulator = Debug|iPhoneSimulator
		Release|iPhoneSimulator = Release|iPhoneSimulator
		Debug|iPhone = Debug|iPhone
		Release|iPhone = Release|iPhone
	EndGlobalSection
	GlobalSection(ProjectConfigurationPlatforms) = postSolution
		{24CE3C36-16B9-426D-AA0C-5961ECF8D88C}.Debug|Any CPU.ActiveCfg = Debug|Any CPU
		{24CE3C36-16B9-426D-AA0C-5961ECF8D88C}.Debug|Any CPU.Build.0 = Debug|Any CPU
		{24CE3C36-16B9-426D-AA0C-5961ECF8D88C}.Release|Any CPU.ActiveCfg = Release|Any CPU
		{24CE3C36-16B9-426D-AA0C-5961ECF8D88C}.Release|Any CPU.Build.0 = Release|Any CPU
		{24CE3C36-16B9-426D-AA0C-5961ECF8D88C}.Debug|iPhoneSimulator.ActiveCfg = Debug|Any CPU
		{24CE3C36-16B9-426D-AA0C-5961ECF8D88C}.Debug|iPhoneSimulator.Build.0 = Debug|Any CPU
		{24CE3C36-16B9-426D-AA0C-5961ECF8D88C}.Release|iPhoneSimulator.ActiveCfg = Release|Any CPU
		{24CE3C36-16B9-426D-AA0C-5961ECF8D88C}.Release|iPhoneSimulator.Build.0 = Release|Any CPU
		{24CE3C36-16B9-426D-AA0C-5961ECF8D88C}.Debug|iPhone.ActiveCfg = Debug|Any CPU
		{24CE3C36-16B9-426D-AA0C-5961ECF8D88C}.Debug|iPhone.Build.0 = Debug|Any CPU
		{24CE3C36-16B9-426D-AA0C-5961ECF8D88C}.Release|iPhone.ActiveCfg = Release|Any CPU
		{24CE3C36-16B9-426D-AA0C-5961ECF8D88C}.Release|iPhone.Build.0 = Release|Any CPU
		{413B6194-3C34-43D5-B3DD-0397F24B57D6}.Debug|Any CPU.ActiveCfg = Debug|Any CPU
		{413B6194-3C34-43D5-B3DD-0397F24B57D6}.Debug|Any CPU.Build.0 = Debug|Any CPU
		{413B6194-3C34-43D5-B3DD-0397F24B57D6}.Release|Any CPU.ActiveCfg = Release|Any CPU
		{413B6194-3C34-43D5-B3DD-0397F24B57D6}.Release|Any CPU.Build.0 = Release|Any CPU
		{413B6194-3C34-43D5-B3DD-0397F24B57D6}.Debug|iPhoneSimulator.ActiveCfg = Debug|Any CPU
		{413B6194-3C34-43D5-B3DD-0397F24B57D6}.Debug|iPhoneSimulator.Build.0 = Debug|Any CPU
		{413B6194-3C34-43D5-B3DD-0397F24B57D6}.Release|iPhoneSimulator.ActiveCfg = Release|Any CPU
		{413B6194-3C34-43D5-B3DD-0397F24B57D6}.Release|iPhoneSimulator.Build.0 = Release|Any CPU
		{413B6194-3C34-43D5-B3DD-0397F24B57D6}.Debug|iPhone.ActiveCfg = Debug|Any CPU
		{413B6194-3C34-43D5-B3DD-0397F24B57D6}.Debug|iPhone.Build.0 = Debug|Any CPU
		{413B6194-3C34-43D5-B3DD-0397F24B57D6}.Release|iPhone.ActiveCfg = Release|Any CPU
		{413B6194-3C34-43D5-B3DD-0397F24B57D6}.Release|iPhone.Build.0 = Release|Any CPU
		{67F8A435-4266-4706-8DC6-B7BE23106E0D}.Debug|Any CPU.ActiveCfg = Debug|iPhoneSimulator
		{67F8A435-4266-4706-8DC6-B7BE23106E0D}.Debug|Any CPU.Build.0 = Debug|iPhoneSimulator
		{67F8A435-4266-4706-8DC6-B7BE23106E0D}.Release|Any CPU.ActiveCfg = Release|iPhoneSimulator
		{67F8A435-4266-4706-8DC6-B7BE23106E0D}.Release|Any CPU.Build.0 = Release|iPhoneSimulator
		{67F8A435-4266-4706-8DC6-B7BE23106E0D}.Debug|iPhoneSimulator.ActiveCfg = Debug|iPhoneSimulator
		{67F8A435-4266-4706-8DC6-B7BE23106E0D}.Debug|iPhoneSimulator.Build.0 = Debug|iPhoneSimulator
		{67F8A435-4266-4706-8DC6-B7BE23106E0D}.Release|iPhoneSimulator.ActiveCfg = Release|iPhoneSimulator
		{67F8A435-4266-4706-8DC6-B7BE23106E0D}.Release|iPhoneSimulator.Build.0 = Release|iPhoneSimulator
		{67F8A435-4266-4706-8DC6-B7BE23106E0D}.Debug|iPhone.ActiveCfg = Debug|iPhone
		{67F8A435-4266-4706-8DC6-B7BE23106E0D}.Debug|iPhone.Build.0 = Debug|iPhone
		{67F8A435-4266-4706-8DC6-B7BE23106E0D}.Release|iPhone.ActiveCfg = Release|iPhone
		{67F8A435-4266-4706-8DC6-B7BE23106E0D}.Release|iPhone.Build.0 = Release|iPhone
		{8AE6A2FA-89D4-4EE0-8DA2-4DDF3C68F8D1}.Debug|Any CPU.ActiveCfg = Debug|iPhone
		{8AE6A2FA-89D4-4EE0-8DA2-4DDF3C68F8D1}.Debug|Any CPU.Build.0 = Debug|iPhone
		{8AE6A2FA-89D4-4EE0-8DA2-4DDF3C68F8D1}.Release|Any CPU.ActiveCfg = Release|iPhone
		{8AE6A2FA-89D4-4EE0-8DA2-4DDF3C68F8D1}.Release|Any CPU.Build.0 = Release|iPhone
		{8AE6A2FA-89D4-4EE0-8DA2-4DDF3C68F8D1}.Debug|iPhoneSimulator.ActiveCfg = Debug|iPhone
		{8AE6A2FA-89D4-4EE0-8DA2-4DDF3C68F8D1}.Debug|iPhoneSimulator.Build.0 = Debug|iPhone
		{8AE6A2FA-89D4-4EE0-8DA2-4DDF3C68F8D1}.Release|iPhoneSimulator.ActiveCfg = Release|iPhone
		{8AE6A2FA-89D4-4EE0-8DA2-4DDF3C68F8D1}.Release|iPhoneSimulator.Build.0 = Release|iPhone
		{8AE6A2FA-89D4-4EE0-8DA2-4DDF3C68F8D1}.Debug|iPhone.ActiveCfg = Debug|iPhone
		{8AE6A2FA-89D4-4EE0-8DA2-4DDF3C68F8D1}.Debug|iPhone.Build.0 = Debug|iPhone
		{8AE6A2FA-89D4-4EE0-8DA2-4DDF3C68F8D1}.Release|iPhone.ActiveCfg = Release|iPhone
		{8AE6A2FA-89D4-4EE0-8DA2-4DDF3C68F8D1}.Release|iPhone.Build.0 = Release|iPhone
	EndGlobalSection
	GlobalSection(NestedProjects) = preSolution
	EndGlobalSection
EndGlobal
