
Microsoft Visual Studio Solution File, Format Version 12.00
# Visual Studio 2012
Project("{FAE04EC0-301F-11D3-BF4B-00C04F79EFBC}") = "DT.Samples.Agora.OneToOne.Droid", "Droid\DT.Samples.Agora.OneToOne.Droid.csproj", "{C3EB7FDD-25E8-4E01-B013-75979505668E}"
EndProject
Project("{FAE04EC0-301F-11D3-BF4B-00C04F79EFBC}") = "DT.Samples.Agora.OneToOne.iOS", "iOS\DT.Samples.Agora.OneToOne.iOS.csproj", "{F3414B36-55D4-44E4-B874-C0731A82DF0D}"
EndProject
Project("{FAE04EC0-301F-11D3-BF4B-00C04F79EFBC}") = "DT.Samples.Agora.OneToOne.Mac", "Mac\DT.Samples.Agora.OneToOne.Mac.csproj", "{EF336464-B5EF-494E-88AD-751F99E0FB3B}"
EndProject
Project("{FAE04EC0-301F-11D3-BF4B-00C04F79EFBC}") = "DT.Samples.Agora.Shared", "..\Shared\DT.Samples.Agora.Shared.csproj", "{2DDB7277-5ACB-4DE9-BFC7-29C5DEDA4217}"
EndProject
Project("{2150E333-8FDC-42A3-9474-1A3956D46DE8}") = "Solution Items", "Solution Items", "{5544D9FC-7DC8-4C46-928B-0B2B636A2340}"
	ProjectSection(SolutionItems) = preProject
		nuget.config = nuget.config
	EndProjectSection
EndProject
Global
	GlobalSection(SolutionConfigurationPlatforms) = preSolution
		Debug|Any CPU = Debug|Any CPU
		Release|Any CPU = Release|Any CPU
		Debug|iPhoneSimulator = Debug|iPhoneSimulator
		Release|iPhone = Release|iPhone
		Release|iPhoneSimulator = Release|iPhoneSimulator
		Debug|iPhone = Debug|iPhone
		Staging|Any CPU = Staging|Any CPU
		Staging|iPhone = Staging|iPhone
		Staging|iPhoneSimulator = Staging|iPhoneSimulator
		Staging|Android = Staging|Android
		Release|Android = Release|Android
		Store|Any CPU = Store|Any CPU
		Store|Android = Store|Android
		Store|iPhone = Store|iPhone
		Store|iPhoneSimulator = Store|iPhoneSimulator
		Debug|Android = Debug|Android
		Debug|x86 = Debug|x86
		Release|x86 = Release|x86
	EndGlobalSection
	GlobalSection(ProjectConfigurationPlatforms) = postSolution
		{C3EB7FDD-25E8-4E01-B013-75979505668E}.Debug|iPhoneSimulator.ActiveCfg = Debug|Android
		{C3EB7FDD-25E8-4E01-B013-75979505668E}.Release|iPhone.ActiveCfg = Release|Android
		{C3EB7FDD-25E8-4E01-B013-75979505668E}.Release|iPhoneSimulator.ActiveCfg = Release|Android
		{C3EB7FDD-25E8-4E01-B013-75979505668E}.Debug|iPhone.ActiveCfg = Debug|Android
		{C3EB7FDD-25E8-4E01-B013-75979505668E}.Staging|iPhone.ActiveCfg = Staging|Android
		{C3EB7FDD-25E8-4E01-B013-75979505668E}.Staging|iPhoneSimulator.ActiveCfg = Staging|Android
		{C3EB7FDD-25E8-4E01-B013-75979505668E}.Staging|Android.ActiveCfg = Staging|Android
		{C3EB7FDD-25E8-4E01-B013-75979505668E}.Staging|Android.Build.0 = Staging|Android
		{C3EB7FDD-25E8-4E01-B013-75979505668E}.Release|Android.ActiveCfg = Release|Android
		{C3EB7FDD-25E8-4E01-B013-75979505668E}.Release|Android.Build.0 = Release|Android
		{C3EB7FDD-25E8-4E01-B013-75979505668E}.Store|Android.ActiveCfg = Store|Android
		{C3EB7FDD-25E8-4E01-B013-75979505668E}.Store|Android.Build.0 = Store|Android
		{C3EB7FDD-25E8-4E01-B013-75979505668E}.Store|iPhone.ActiveCfg = Store|Android
		{C3EB7FDD-25E8-4E01-B013-75979505668E}.Store|iPhoneSimulator.ActiveCfg = Store|Android
		{C3EB7FDD-25E8-4E01-B013-75979505668E}.Debug|Android.ActiveCfg = Debug|Android
		{C3EB7FDD-25E8-4E01-B013-75979505668E}.Debug|Android.Build.0 = Debug|Android
		{C3EB7FDD-25E8-4E01-B013-75979505668E}.Debug|x86.ActiveCfg = Debug|Android
		{C3EB7FDD-25E8-4E01-B013-75979505668E}.Debug|x86.Build.0 = Debug|Android
		{C3EB7FDD-25E8-4E01-B013-75979505668E}.Release|x86.ActiveCfg = Release|Android
		{C3EB7FDD-25E8-4E01-B013-75979505668E}.Release|x86.Build.0 = Release|Android
		{F3414B36-55D4-44E4-B874-C0731A82DF0D}.Debug|iPhoneSimulator.ActiveCfg = Debug|iPhoneSimulator
		{F3414B36-55D4-44E4-B874-C0731A82DF0D}.Debug|iPhoneSimulator.Build.0 = Debug|iPhoneSimulator
		{F3414B36-55D4-44E4-B874-C0731A82DF0D}.Release|iPhone.ActiveCfg = Release|iPhone
		{F3414B36-55D4-44E4-B874-C0731A82DF0D}.Release|iPhone.Build.0 = Release|iPhone
		{F3414B36-55D4-44E4-B874-C0731A82DF0D}.Release|iPhoneSimulator.ActiveCfg = Release|iPhoneSimulator
		{F3414B36-55D4-44E4-B874-C0731A82DF0D}.Release|iPhoneSimulator.Build.0 = Release|iPhoneSimulator
		{F3414B36-55D4-44E4-B874-C0731A82DF0D}.Debug|iPhone.ActiveCfg = Debug|iPhone
		{F3414B36-55D4-44E4-B874-C0731A82DF0D}.Debug|iPhone.Build.0 = Debug|iPhone
		{F3414B36-55D4-44E4-B874-C0731A82DF0D}.Staging|iPhone.ActiveCfg = Staging|iPhone
		{F3414B36-55D4-44E4-B874-C0731A82DF0D}.Staging|iPhone.Build.0 = Staging|iPhone
		{F3414B36-55D4-44E4-B874-C0731A82DF0D}.Staging|iPhoneSimulator.ActiveCfg = Staging|iPhoneSimulator
		{F3414B36-55D4-44E4-B874-C0731A82DF0D}.Staging|iPhoneSimulator.Build.0 = Staging|iPhoneSimulator
		{F3414B36-55D4-44E4-B874-C0731A82DF0D}.Staging|Android.ActiveCfg = Staging|iPhone
		{F3414B36-55D4-44E4-B874-C0731A82DF0D}.Release|Android.ActiveCfg = Release|iPhone
		{F3414B36-55D4-44E4-B874-C0731A82DF0D}.Store|Android.ActiveCfg = Store|iPhone
		{F3414B36-55D4-44E4-B874-C0731A82DF0D}.Store|iPhone.ActiveCfg = Store|iPhone
		{F3414B36-55D4-44E4-B874-C0731A82DF0D}.Store|iPhone.Build.0 = Store|iPhone
		{F3414B36-55D4-44E4-B874-C0731A82DF0D}.Store|iPhoneSimulator.ActiveCfg = Store|iPhoneSimulator
		{F3414B36-55D4-44E4-B874-C0731A82DF0D}.Store|iPhoneSimulator.Build.0 = Store|iPhoneSimulator
		{F3414B36-55D4-44E4-B874-C0731A82DF0D}.Debug|Android.ActiveCfg = Debug|iPhoneSimulator
		{F3414B36-55D4-44E4-B874-C0731A82DF0D}.Debug|x86.ActiveCfg = Debug|iPhoneSimulator
		{F3414B36-55D4-44E4-B874-C0731A82DF0D}.Debug|x86.Build.0 = Debug|iPhoneSimulator
		{F3414B36-55D4-44E4-B874-C0731A82DF0D}.Release|x86.ActiveCfg = Release|iPhone
		{F3414B36-55D4-44E4-B874-C0731A82DF0D}.Release|x86.Build.0 = Release|iPhone
		{EF336464-B5EF-494E-88AD-751F99E0FB3B}.Debug|Any CPU.ActiveCfg = Debug|x86
		{EF336464-B5EF-494E-88AD-751F99E0FB3B}.Debug|Any CPU.Build.0 = Debug|x86
		{EF336464-B5EF-494E-88AD-751F99E0FB3B}.Release|Any CPU.ActiveCfg = Release|x86
		{EF336464-B5EF-494E-88AD-751F99E0FB3B}.Release|Any CPU.Build.0 = Release|x86
		{EF336464-B5EF-494E-88AD-751F99E0FB3B}.Debug|iPhoneSimulator.ActiveCfg = Debug|x86
		{EF336464-B5EF-494E-88AD-751F99E0FB3B}.Debug|iPhoneSimulator.Build.0 = Debug|x86
		{EF336464-B5EF-494E-88AD-751F99E0FB3B}.Release|iPhone.ActiveCfg = Release|x86
		{EF336464-B5EF-494E-88AD-751F99E0FB3B}.Release|iPhone.Build.0 = Release|x86
		{EF336464-B5EF-494E-88AD-751F99E0FB3B}.Release|iPhoneSimulator.ActiveCfg = Release|x86
		{EF336464-B5EF-494E-88AD-751F99E0FB3B}.Release|iPhoneSimulator.Build.0 = Release|x86
		{EF336464-B5EF-494E-88AD-751F99E0FB3B}.Debug|iPhone.ActiveCfg = Debug|x86
		{EF336464-B5EF-494E-88AD-751F99E0FB3B}.Debug|iPhone.Build.0 = Debug|x86
		{EF336464-B5EF-494E-88AD-751F99E0FB3B}.Staging|Any CPU.ActiveCfg = Debug|x86
		{EF336464-B5EF-494E-88AD-751F99E0FB3B}.Staging|Any CPU.Build.0 = Debug|x86
		{EF336464-B5EF-494E-88AD-751F99E0FB3B}.Staging|iPhone.ActiveCfg = Debug|x86
		{EF336464-B5EF-494E-88AD-751F99E0FB3B}.Staging|iPhone.Build.0 = Debug|x86
		{EF336464-B5EF-494E-88AD-751F99E0FB3B}.Staging|iPhoneSimulator.ActiveCfg = Debug|x86
		{EF336464-B5EF-494E-88AD-751F99E0FB3B}.Staging|iPhoneSimulator.Build.0 = Debug|x86
		{EF336464-B5EF-494E-88AD-751F99E0FB3B}.Staging|Android.ActiveCfg = Debug|x86
		{EF336464-B5EF-494E-88AD-751F99E0FB3B}.Staging|Android.Build.0 = Debug|x86
		{EF336464-B5EF-494E-88AD-751F99E0FB3B}.Release|Android.ActiveCfg = Release|x86
		{EF336464-B5EF-494E-88AD-751F99E0FB3B}.Release|Android.Build.0 = Release|x86
		{EF336464-B5EF-494E-88AD-751F99E0FB3B}.Store|Any CPU.ActiveCfg = Debug|x86
		{EF336464-B5EF-494E-88AD-751F99E0FB3B}.Store|Any CPU.Build.0 = Debug|x86
		{EF336464-B5EF-494E-88AD-751F99E0FB3B}.Store|Android.ActiveCfg = Debug|x86
		{EF336464-B5EF-494E-88AD-751F99E0FB3B}.Store|Android.Build.0 = Debug|x86
		{EF336464-B5EF-494E-88AD-751F99E0FB3B}.Store|iPhone.ActiveCfg = Debug|x86
		{EF336464-B5EF-494E-88AD-751F99E0FB3B}.Store|iPhone.Build.0 = Debug|x86
		{EF336464-B5EF-494E-88AD-751F99E0FB3B}.Store|iPhoneSimulator.ActiveCfg = Debug|x86
		{EF336464-B5EF-494E-88AD-751F99E0FB3B}.Store|iPhoneSimulator.Build.0 = Debug|x86
		{EF336464-B5EF-494E-88AD-751F99E0FB3B}.Debug|Android.ActiveCfg = Debug|x86
		{EF336464-B5EF-494E-88AD-751F99E0FB3B}.Debug|Android.Build.0 = Debug|x86
		{EF336464-B5EF-494E-88AD-751F99E0FB3B}.Debug|x86.ActiveCfg = Debug|x86
		{EF336464-B5EF-494E-88AD-751F99E0FB3B}.Debug|x86.Build.0 = Debug|x86
		{EF336464-B5EF-494E-88AD-751F99E0FB3B}.Release|x86.ActiveCfg = Release|x86
		{EF336464-B5EF-494E-88AD-751F99E0FB3B}.Release|x86.Build.0 = Release|x86
		{2DDB7277-5ACB-4DE9-BFC7-29C5DEDA4217}.Debug|Any CPU.ActiveCfg = Debug|Any CPU
		{2DDB7277-5ACB-4DE9-BFC7-29C5DEDA4217}.Debug|Any CPU.Build.0 = Debug|Any CPU
		{2DDB7277-5ACB-4DE9-BFC7-29C5DEDA4217}.Release|Any CPU.ActiveCfg = Release|Any CPU
		{2DDB7277-5ACB-4DE9-BFC7-29C5DEDA4217}.Release|Any CPU.Build.0 = Release|Any CPU
		{2DDB7277-5ACB-4DE9-BFC7-29C5DEDA4217}.Debug|iPhoneSimulator.ActiveCfg = Debug|Any CPU
		{2DDB7277-5ACB-4DE9-BFC7-29C5DEDA4217}.Debug|iPhoneSimulator.Build.0 = Debug|Any CPU
		{2DDB7277-5ACB-4DE9-BFC7-29C5DEDA4217}.Release|iPhone.ActiveCfg = Release|Any CPU
		{2DDB7277-5ACB-4DE9-BFC7-29C5DEDA4217}.Release|iPhone.Build.0 = Release|Any CPU
		{2DDB7277-5ACB-4DE9-BFC7-29C5DEDA4217}.Release|iPhoneSimulator.ActiveCfg = Release|Any CPU
		{2DDB7277-5ACB-4DE9-BFC7-29C5DEDA4217}.Release|iPhoneSimulator.Build.0 = Release|Any CPU
		{2DDB7277-5ACB-4DE9-BFC7-29C5DEDA4217}.Debug|iPhone.ActiveCfg = Debug|Any CPU
		{2DDB7277-5ACB-4DE9-BFC7-29C5DEDA4217}.Debug|iPhone.Build.0 = Debug|Any CPU
		{2DDB7277-5ACB-4DE9-BFC7-29C5DEDA4217}.Staging|Any CPU.ActiveCfg = Staging|Any CPU
		{2DDB7277-5ACB-4DE9-BFC7-29C5DEDA4217}.Staging|Any CPU.Build.0 = Staging|Any CPU
		{2DDB7277-5ACB-4DE9-BFC7-29C5DEDA4217}.Staging|iPhone.ActiveCfg = Staging|Any CPU
		{2DDB7277-5ACB-4DE9-BFC7-29C5DEDA4217}.Staging|iPhone.Build.0 = Staging|Any CPU
		{2DDB7277-5ACB-4DE9-BFC7-29C5DEDA4217}.Staging|iPhoneSimulator.ActiveCfg = Staging|Any CPU
		{2DDB7277-5ACB-4DE9-BFC7-29C5DEDA4217}.Staging|iPhoneSimulator.Build.0 = Staging|Any CPU
		{2DDB7277-5ACB-4DE9-BFC7-29C5DEDA4217}.Staging|Android.ActiveCfg = Staging|Android
		{2DDB7277-5ACB-4DE9-BFC7-29C5DEDA4217}.Staging|Android.Build.0 = Staging|Android
		{2DDB7277-5ACB-4DE9-BFC7-29C5DEDA4217}.Release|Android.ActiveCfg = Release|Any CPU
		{2DDB7277-5ACB-4DE9-BFC7-29C5DEDA4217}.Release|Android.Build.0 = Release|Any CPU
		{2DDB7277-5ACB-4DE9-BFC7-29C5DEDA4217}.Store|Any CPU.ActiveCfg = Store|Any CPU
		{2DDB7277-5ACB-4DE9-BFC7-29C5DEDA4217}.Store|Any CPU.Build.0 = Store|Any CPU
		{2DDB7277-5ACB-4DE9-BFC7-29C5DEDA4217}.Store|Android.ActiveCfg = Store|Any CPU
		{2DDB7277-5ACB-4DE9-BFC7-29C5DEDA4217}.Store|Android.Build.0 = Store|Any CPU
		{2DDB7277-5ACB-4DE9-BFC7-29C5DEDA4217}.Store|iPhone.ActiveCfg = Store|Any CPU
		{2DDB7277-5ACB-4DE9-BFC7-29C5DEDA4217}.Store|iPhone.Build.0 = Store|Any CPU
		{2DDB7277-5ACB-4DE9-BFC7-29C5DEDA4217}.Store|iPhoneSimulator.ActiveCfg = Store|Any CPU
		{2DDB7277-5ACB-4DE9-BFC7-29C5DEDA4217}.Store|iPhoneSimulator.Build.0 = Store|Any CPU
		{2DDB7277-5ACB-4DE9-BFC7-29C5DEDA4217}.Debug|Android.ActiveCfg = Debug|Any CPU
		{2DDB7277-5ACB-4DE9-BFC7-29C5DEDA4217}.Debug|Android.Build.0 = Debug|Any CPU
		{2DDB7277-5ACB-4DE9-BFC7-29C5DEDA4217}.Debug|x86.ActiveCfg = Debug|Any CPU
		{2DDB7277-5ACB-4DE9-BFC7-29C5DEDA4217}.Debug|x86.Build.0 = Debug|Any CPU
		{2DDB7277-5ACB-4DE9-BFC7-29C5DEDA4217}.Release|x86.ActiveCfg = Release|Any CPU
		{2DDB7277-5ACB-4DE9-BFC7-29C5DEDA4217}.Release|x86.Build.0 = Release|Any CPU
	EndGlobalSection
	GlobalSection(MonoDevelopProperties) = preSolution
		Policies = $0
		$0.TextStylePolicy = $1
		$1.TabsToSpaces = False
		$1.inheritsSet = null
		$1.inheritsScope = text/plain
		$1.scope = application/vnd.apple-xcode-storyboard
		$0.CSharpFormattingPolicy = $2
		$2.scope = text/x-csharp
		$0.XmlFormattingPolicy = $3
		$3.DefaultFormat = $4
		$4.AttributesInNewLine = True
		$4.AlignAttributes = True
		$3.inheritsSet = null
		$3.inheritsScope = application/xml
		$3.scope = application/vnd.apple-xcode-storyboard
		$0.StandardHeader = $5
		$0.NameConventionPolicy = $6
		$6.Rules = $7
		$7.NamingRule = $8
		$8.Name = Type Parameters
		$8.AffectedEntity = TypeParameter
		$8.VisibilityMask = VisibilityMask
		$8.NamingStyle = PascalCase
		$8.IncludeInstanceMembers = True
		$8.IncludeStaticEntities = True
		$8.RequiredPrefixes = $9
		$9.String = T
		$8.RequiredSuffixes = $10
		$10.String = Exception
		$0.DotNetNamingPolicy = $11
		$0.TextStylePolicy = $12
		$12.scope = text/x-csharp
		$12.FileWidth = 80
		$12.TabsToSpaces = True
		$0.TextStylePolicy = $13
		$13.scope = text/plain
		$13.FileWidth = 80
		$13.TabsToSpaces = True
		$0.TextStylePolicy = $14
		$14.inheritsSet = null
		$14.scope = application/xml
		$0.XmlFormattingPolicy = $15
		$15.scope = application/xml
		$0.TextStylePolicy = $16
		$16.inheritsSet = null
		$16.scope = application/config+xml
		$0.XmlFormattingPolicy = $17
		$17.inheritsSet = null
		$17.scope = application/config+xml
		$0.TextStylePolicy = $18
		$18.inheritsSet = null
		$18.scope = application/android+xml
		$0.XmlFormattingPolicy = $19
		$19.inheritsSet = null
		$19.scope = application/android+xml
		$0.TextStylePolicy = $20
		$20.scope = application/json
		$20.FileWidth = 80
		$20.TabsToSpaces = True
	EndGlobalSection
EndGlobal
